// !$*UTF8*$!
{
	archiveVersion = 1;
	classes = {
	};
	objectVersion = 56;
	objects = {

/* Begin PBXBuildFile section */
		B2A101032A854AB600E8FF5A /* MyPosts.swift in Sources */ = {isa = PBXBuildFile; fileRef = B2A101022A854AB600E8FF5A /* MyPosts.swift */; };
		B2A101052A854B9800E8FF5A /* MyPeersPost.swift in Sources */ = {isa = PBXBuildFile; fileRef = B2A101042A854B9800E8FF5A /* MyPeersPost.swift */; };
		B2A101072A857D4400E8FF5A /* GoogleService-Info.plist in Resources */ = {isa = PBXBuildFile; fileRef = B2A101062A857D4400E8FF5A /* GoogleService-Info.plist */; };
		B2B713CC2A81F64B00190338 /* AppDelegate.swift in Sources */ = {isa = PBXBuildFile; fileRef = B2B713CB2A81F64B00190338 /* AppDelegate.swift */; };
		B2B713CE2A81F64B00190338 /* SceneDelegate.swift in Sources */ = {isa = PBXBuildFile; fileRef = B2B713CD2A81F64B00190338 /* SceneDelegate.swift */; };
		B2B713D02A81F64B00190338 /* ViewController.swift in Sources */ = {isa = PBXBuildFile; fileRef = B2B713CF2A81F64B00190338 /* ViewController.swift */; };
		B2B713D32A81F64B00190338 /* Main.storyboard in Resources */ = {isa = PBXBuildFile; fileRef = B2B713D12A81F64B00190338 /* Main.storyboard */; };
		B2B713D52A81F64C00190338 /* Assets.xcassets in Resources */ = {isa = PBXBuildFile; fileRef = B2B713D42A81F64C00190338 /* Assets.xcassets */; };
		B2B713D82A81F64C00190338 /* LaunchScreen.storyboard in Resources */ = {isa = PBXBuildFile; fileRef = B2B713D62A81F64C00190338 /* LaunchScreen.storyboard */; };
		B2B713E32A81F64C00190338 /* CloseTests.swift in Sources */ = {isa = PBXBuildFile; fileRef = B2B713E22A81F64C00190338 /* CloseTests.swift */; };
		B2B713ED2A81F64C00190338 /* CloseUITests.swift in Sources */ = {isa = PBXBuildFile; fileRef = B2B713EC2A81F64C00190338 /* CloseUITests.swift */; };
		B2B713EF2A81F64C00190338 /* CloseUITestsLaunchTests.swift in Sources */ = {isa = PBXBuildFile; fileRef = B2B713EE2A81F64C00190338 /* CloseUITestsLaunchTests.swift */; };
		B2B713FF2A81F77500190338 /* FirebaseAuth in Frameworks */ = {isa = PBXBuildFile; productRef = B2B713FE2A81F77500190338 /* FirebaseAuth */; };
		B2B714082A81F85700190338 /* LoginView.swift in Sources */ = {isa = PBXBuildFile; fileRef = B2B714072A81F85700190338 /* LoginView.swift */; };
		B2B714192A83272F00190338 /* RegisterView.swift in Sources */ = {isa = PBXBuildFile; fileRef = B2B714182A83272F00190338 /* RegisterView.swift */; };
		B2B7141B2A83294900190338 /* ContentView.swift in Sources */ = {isa = PBXBuildFile; fileRef = B2B7141A2A83294900190338 /* ContentView.swift */; };
		B2B7141F2A83337200190338 /* MainView.swift in Sources */ = {isa = PBXBuildFile; fileRef = B2B7141E2A83337200190338 /* MainView.swift */; };
		B2B714212A83738900190338 /* CloseApp.swift in Sources */ = {isa = PBXBuildFile; fileRef = B2B714202A83738900190338 /* CloseApp.swift */; };
		B2B714242A84730F00190338 /* FirebaseFirestore in Frameworks */ = {isa = PBXBuildFile; productRef = B2B714232A84730F00190338 /* FirebaseFirestore */; };
		B2B714262A84731C00190338 /* FirebaseFirestoreSwift in Frameworks */ = {isa = PBXBuildFile; productRef = B2B714252A84731C00190338 /* FirebaseFirestoreSwift */; };
		B2B714282A84732B00190338 /* FirebaseStorage in Frameworks */ = {isa = PBXBuildFile; productRef = B2B714272A84732B00190338 /* FirebaseStorage */; };
		B2B7142C2A84BE4800190338 /* EmotionwheelView.swift in Sources */ = {isa = PBXBuildFile; fileRef = B2B7142B2A84BE4800190338 /* EmotionwheelView.swift */; };
/* End PBXBuildFile section */

/* Begin PBXContainerItemProxy section */
		B2B713DF2A81F64C00190338 /* PBXContainerItemProxy */ = {
			isa = PBXContainerItemProxy;
			containerPortal = B2B713C02A81F64B00190338 /* Project object */;
			proxyType = 1;
			remoteGlobalIDString = B2B713C72A81F64B00190338;
			remoteInfo = Close;
		};
		B2B713E92A81F64C00190338 /* PBXContainerItemProxy */ = {
			isa = PBXContainerItemProxy;
			containerPortal = B2B713C02A81F64B00190338 /* Project object */;
			proxyType = 1;
			remoteGlobalIDString = B2B713C72A81F64B00190338;
			remoteInfo = Close;
		};
/* End PBXContainerItemProxy section */

/* Begin PBXFileReference section */
		B2A101022A854AB600E8FF5A /* MyPosts.swift */ = {isa = PBXFileReference; lastKnownFileType = sourcecode.swift; path = MyPosts.swift; sourceTree = "<group>"; };
		B2A101042A854B9800E8FF5A /* MyPeersPost.swift */ = {isa = PBXFileReference; lastKnownFileType = sourcecode.swift; path = MyPeersPost.swift; sourceTree = "<group>"; };
		B2A101062A857D4400E8FF5A /* GoogleService-Info.plist */ = {isa = PBXFileReference; fileEncoding = 4; lastKnownFileType = text.plist.xml; path = "GoogleService-Info.plist"; sourceTree = "<group>"; };
		B2B713C82A81F64B00190338 /* Close.app */ = {isa = PBXFileReference; explicitFileType = wrapper.application; includeInIndex = 0; path = Close.app; sourceTree = BUILT_PRODUCTS_DIR; };
		B2B713CB2A81F64B00190338 /* AppDelegate.swift */ = {isa = PBXFileReference; lastKnownFileType = sourcecode.swift; path = AppDelegate.swift; sourceTree = "<group>"; };
		B2B713CD2A81F64B00190338 /* SceneDelegate.swift */ = {isa = PBXFileReference; lastKnownFileType = sourcecode.swift; path = SceneDelegate.swift; sourceTree = "<group>"; };
		B2B713CF2A81F64B00190338 /* ViewController.swift */ = {isa = PBXFileReference; lastKnownFileType = sourcecode.swift; path = ViewController.swift; sourceTree = "<group>"; };
		B2B713D22A81F64B00190338 /* Base */ = {isa = PBXFileReference; lastKnownFileType = file.storyboard; name = Base; path = Base.lproj/Main.storyboard; sourceTree = "<group>"; };
		B2B713D42A81F64C00190338 /* Assets.xcassets */ = {isa = PBXFileReference; lastKnownFileType = folder.assetcatalog; path = Assets.xcassets; sourceTree = "<group>"; };
		B2B713D72A81F64C00190338 /* Base */ = {isa = PBXFileReference; lastKnownFileType = file.storyboard; name = Base; path = Base.lproj/LaunchScreen.storyboard; sourceTree = "<group>"; };
		B2B713D92A81F64C00190338 /* Info.plist */ = {isa = PBXFileReference; lastKnownFileType = text.plist.xml; path = Info.plist; sourceTree = "<group>"; };
		B2B713DE2A81F64C00190338 /* CloseTests.xctest */ = {isa = PBXFileReference; explicitFileType = wrapper.cfbundle; includeInIndex = 0; path = CloseTests.xctest; sourceTree = BUILT_PRODUCTS_DIR; };
		B2B713E22A81F64C00190338 /* CloseTests.swift */ = {isa = PBXFileReference; lastKnownFileType = sourcecode.swift; path = CloseTests.swift; sourceTree = "<group>"; };
		B2B713E82A81F64C00190338 /* CloseUITests.xctest */ = {isa = PBXFileReference; explicitFileType = wrapper.cfbundle; includeInIndex = 0; path = CloseUITests.xctest; sourceTree = BUILT_PRODUCTS_DIR; };
		B2B713EC2A81F64C00190338 /* CloseUITests.swift */ = {isa = PBXFileReference; lastKnownFileType = sourcecode.swift; path = CloseUITests.swift; sourceTree = "<group>"; };
		B2B713EE2A81F64C00190338 /* CloseUITestsLaunchTests.swift */ = {isa = PBXFileReference; lastKnownFileType = sourcecode.swift; path = CloseUITestsLaunchTests.swift; sourceTree = "<group>"; };
		B2B714072A81F85700190338 /* LoginView.swift */ = {isa = PBXFileReference; lastKnownFileType = sourcecode.swift; path = LoginView.swift; sourceTree = "<group>"; };
		B2B714182A83272F00190338 /* RegisterView.swift */ = {isa = PBXFileReference; lastKnownFileType = sourcecode.swift; path = RegisterView.swift; sourceTree = "<group>"; };
		B2B7141A2A83294900190338 /* ContentView.swift */ = {isa = PBXFileReference; lastKnownFileType = sourcecode.swift; path = ContentView.swift; sourceTree = "<group>"; };
		B2B7141E2A83337200190338 /* MainView.swift */ = {isa = PBXFileReference; lastKnownFileType = sourcecode.swift; path = MainView.swift; sourceTree = "<group>"; };
		B2B714202A83738900190338 /* CloseApp.swift */ = {isa = PBXFileReference; lastKnownFileType = sourcecode.swift; path = CloseApp.swift; sourceTree = "<group>"; };
		B2B7142B2A84BE4800190338 /* EmotionwheelView.swift */ = {isa = PBXFileReference; lastKnownFileType = sourcecode.swift; path = EmotionwheelView.swift; sourceTree = "<group>"; };
/* End PBXFileReference section */

/* Begin PBXFrameworksBuildPhase section */
		B2B713C52A81F64B00190338 /* Frameworks */ = {
			isa = PBXFrameworksBuildPhase;
			buildActionMask = 2147483647;
			files = (
				B2B713FF2A81F77500190338 /* FirebaseAuth in Frameworks */,
				B2B714282A84732B00190338 /* FirebaseStorage in Frameworks */,
				B2B714242A84730F00190338 /* FirebaseFirestore in Frameworks */,
				B2B714262A84731C00190338 /* FirebaseFirestoreSwift in Frameworks */,
			);
			runOnlyForDeploymentPostprocessing = 0;
		};
		B2B713DB2A81F64C00190338 /* Frameworks */ = {
			isa = PBXFrameworksBuildPhase;
			buildActionMask = 2147483647;
			files = (
			);
			runOnlyForDeploymentPostprocessing = 0;
		};
		B2B713E52A81F64C00190338 /* Frameworks */ = {
			isa = PBXFrameworksBuildPhase;
			buildActionMask = 2147483647;
			files = (
			);
			runOnlyForDeploymentPostprocessing = 0;
		};
/* End PBXFrameworksBuildPhase section */

/* Begin PBXGroup section */
		B2B713BF2A81F64B00190338 = {
			isa = PBXGroup;
			children = (
				B2B713CA2A81F64B00190338 /* Close */,
				B2B713E12A81F64C00190338 /* CloseTests */,
				B2B713EB2A81F64C00190338 /* CloseUITests */,
				B2B713C92A81F64B00190338 /* Products */,
				B2B714222A84730F00190338 /* Frameworks */,
			);
			sourceTree = "<group>";
		};
		B2B713C92A81F64B00190338 /* Products */ = {
			isa = PBXGroup;
			children = (
				B2B713C82A81F64B00190338 /* Close.app */,
				B2B713DE2A81F64C00190338 /* CloseTests.xctest */,
				B2B713E82A81F64C00190338 /* CloseUITests.xctest */,
			);
			name = Products;
			sourceTree = "<group>";
		};
		B2B713CA2A81F64B00190338 /* Close */ = {
			isa = PBXGroup;
			children = (
				B2B714002A81F79300190338 /* View */,
				B2B713CB2A81F64B00190338 /* AppDelegate.swift */,
				B2A101062A857D4400E8FF5A /* GoogleService-Info.plist */,
				B2B714202A83738900190338 /* CloseApp.swift */,
				B2B713CD2A81F64B00190338 /* SceneDelegate.swift */,
				B2B713CF2A81F64B00190338 /* ViewController.swift */,
				B2B713D12A81F64B00190338 /* Main.storyboard */,
				B2B713D42A81F64C00190338 /* Assets.xcassets */,
				B2B713D62A81F64C00190338 /* LaunchScreen.storyboard */,
				B2B713D92A81F64C00190338 /* Info.plist */,
				B2B7141A2A83294900190338 /* ContentView.swift */,
			);
			path = Close;
			sourceTree = "<group>";
		};
		B2B713E12A81F64C00190338 /* CloseTests */ = {
			isa = PBXGroup;
			children = (
				B2B713E22A81F64C00190338 /* CloseTests.swift */,
			);
			path = CloseTests;
			sourceTree = "<group>";
		};
		B2B713EB2A81F64C00190338 /* CloseUITests */ = {
			isa = PBXGroup;
			children = (
				B2B713EC2A81F64C00190338 /* CloseUITests.swift */,
				B2B713EE2A81F64C00190338 /* CloseUITestsLaunchTests.swift */,
			);
			path = CloseUITests;
			sourceTree = "<group>";
		};
		B2B714002A81F79300190338 /* View */ = {
			isa = PBXGroup;
			children = (
				B2B714072A81F85700190338 /* LoginView.swift */,
				B2B7142B2A84BE4800190338 /* EmotionwheelView.swift */,
				B2B714182A83272F00190338 /* RegisterView.swift */,
				B2B7141E2A83337200190338 /* MainView.swift */,
				B2A101022A854AB600E8FF5A /* MyPosts.swift */,
				B2A101042A854B9800E8FF5A /* MyPeersPost.swift */,
			);
			path = View;
			sourceTree = "<group>";
		};
		B2B714222A84730F00190338 /* Frameworks */ = {
			isa = PBXGroup;
			children = (
			);
			name = Frameworks;
			sourceTree = "<group>";
		};
/* End PBXGroup section */

/* Begin PBXNativeTarget section */
		B2B713C72A81F64B00190338 /* Close */ = {
			isa = PBXNativeTarget;
			buildConfigurationList = B2B713F22A81F64C00190338 /* Build configuration list for PBXNativeTarget "Close" */;
			buildPhases = (
				B2B713C42A81F64B00190338 /* Sources */,
				B2B713C52A81F64B00190338 /* Frameworks */,
				B2B713C62A81F64B00190338 /* Resources */,
			);
			buildRules = (
			);
			dependencies = (
			);
			name = Close;
			packageProductDependencies = (
				B2B713FE2A81F77500190338 /* FirebaseAuth */,
				B2B714232A84730F00190338 /* FirebaseFirestore */,
				B2B714252A84731C00190338 /* FirebaseFirestoreSwift */,
				B2B714272A84732B00190338 /* FirebaseStorage */,
			);
			productName = Close;
			productReference = B2B713C82A81F64B00190338 /* Close.app */;
			productType = "com.apple.product-type.application";
		};
		B2B713DD2A81F64C00190338 /* CloseTests */ = {
			isa = PBXNativeTarget;
			buildConfigurationList = B2B713F52A81F64C00190338 /* Build configuration list for PBXNativeTarget "CloseTests" */;
			buildPhases = (
				B2B713DA2A81F64C00190338 /* Sources */,
				B2B713DB2A81F64C00190338 /* Frameworks */,
				B2B713DC2A81F64C00190338 /* Resources */,
			);
			buildRules = (
			);
			dependencies = (
				B2B713E02A81F64C00190338 /* PBXTargetDependency */,
			);
			name = CloseTests;
			productName = CloseTests;
			productReference = B2B713DE2A81F64C00190338 /* CloseTests.xctest */;
			productType = "com.apple.product-type.bundle.unit-test";
		};
		B2B713E72A81F64C00190338 /* CloseUITests */ = {
			isa = PBXNativeTarget;
			buildConfigurationList = B2B713F82A81F64C00190338 /* Build configuration list for PBXNativeTarget "CloseUITests" */;
			buildPhases = (
				B2B713E42A81F64C00190338 /* Sources */,
				B2B713E52A81F64C00190338 /* Frameworks */,
				B2B713E62A81F64C00190338 /* Resources */,
			);
			buildRules = (
			);
			dependencies = (
				B2B713EA2A81F64C00190338 /* PBXTargetDependency */,
			);
			name = CloseUITests;
			productName = CloseUITests;
			productReference = B2B713E82A81F64C00190338 /* CloseUITests.xctest */;
			productType = "com.apple.product-type.bundle.ui-testing";
		};
/* End PBXNativeTarget section */

/* Begin PBXProject section */
		B2B713C02A81F64B00190338 /* Project object */ = {
			isa = PBXProject;
			attributes = {
				BuildIndependentTargetsInParallel = 1;
				LastSwiftUpdateCheck = 1430;
				LastUpgradeCheck = 1430;
				TargetAttributes = {
					B2B713C72A81F64B00190338 = {
						CreatedOnToolsVersion = 14.3.1;
					};
					B2B713DD2A81F64C00190338 = {
						CreatedOnToolsVersion = 14.3.1;
						TestTargetID = B2B713C72A81F64B00190338;
					};
					B2B713E72A81F64C00190338 = {
						CreatedOnToolsVersion = 14.3.1;
						TestTargetID = B2B713C72A81F64B00190338;
					};
				};
			};
			buildConfigurationList = B2B713C32A81F64B00190338 /* Build configuration list for PBXProject "Close" */;
			compatibilityVersion = "Xcode 14.0";
			developmentRegion = en;
			hasScannedForEncodings = 0;
			knownRegions = (
				en,
				Base,
			);
			mainGroup = B2B713BF2A81F64B00190338;
			packageReferences = (
				B2B713FD2A81F77500190338 /* XCRemoteSwiftPackageReference "firebase-ios-sdk" */,
			);
			productRefGroup = B2B713C92A81F64B00190338 /* Products */;
			projectDirPath = "";
			projectRoot = "";
			targets = (
				B2B713C72A81F64B00190338 /* Close */,
				B2B713DD2A81F64C00190338 /* CloseTests */,
				B2B713E72A81F64C00190338 /* CloseUITests */,
			);
		};
/* End PBXProject section */

/* Begin PBXResourcesBuildPhase section */
		B2B713C62A81F64B00190338 /* Resources */ = {
			isa = PBXResourcesBuildPhase;
			buildActionMask = 2147483647;
			files = (
				B2B713D82A81F64C00190338 /* LaunchScreen.storyboard in Resources */,
				B2B713D52A81F64C00190338 /* Assets.xcassets in Resources */,
				B2B713D32A81F64B00190338 /* Main.storyboard in Resources */,
				B2A101072A857D4400E8FF5A /* GoogleService-Info.plist in Resources */,
			);
			runOnlyForDeploymentPostprocessing = 0;
		};
		B2B713DC2A81F64C00190338 /* Resources */ = {
			isa = PBXResourcesBuildPhase;
			buildActionMask = 2147483647;
			files = (
			);
			runOnlyForDeploymentPostprocessing = 0;
		};
		B2B713E62A81F64C00190338 /* Resources */ = {
			isa = PBXResourcesBuildPhase;
			buildActionMask = 2147483647;
			files = (
			);
			runOnlyForDeploymentPostprocessing = 0;
		};
/* End PBXResourcesBuildPhase section */

/* Begin PBXSourcesBuildPhase section */
		B2B713C42A81F64B00190338 /* Sources */ = {
			isa = PBXSourcesBuildPhase;
			buildActionMask = 2147483647;
			files = (
				B2B713D02A81F64B00190338 /* ViewController.swift in Sources */,
				B2B7141F2A83337200190338 /* MainView.swift in Sources */,
				B2B714192A83272F00190338 /* RegisterView.swift in Sources */,
				B2A101032A854AB600E8FF5A /* MyPosts.swift in Sources */,
				B2B7141B2A83294900190338 /* ContentView.swift in Sources */,
				B2A101052A854B9800E8FF5A /* MyPeersPost.swift in Sources */,
				B2B714212A83738900190338 /* CloseApp.swift in Sources */,
				B2B713CC2A81F64B00190338 /* AppDelegate.swift in Sources */,
				B2B714082A81F85700190338 /* LoginView.swift in Sources */,
				B2B7142C2A84BE4800190338 /* EmotionwheelView.swift in Sources */,
				B2B713CE2A81F64B00190338 /* SceneDelegate.swift in Sources */,
			);
			runOnlyForDeploymentPostprocessing = 0;
		};
		B2B713DA2A81F64C00190338 /* Sources */ = {
			isa = PBXSourcesBuildPhase;
			buildActionMask = 2147483647;
			files = (
				B2B713E32A81F64C00190338 /* CloseTests.swift in Sources */,
			);
			runOnlyForDeploymentPostprocessing = 0;
		};
		B2B713E42A81F64C00190338 /* Sources */ = {
			isa = PBXSourcesBuildPhase;
			buildActionMask = 2147483647;
			files = (
				B2B713ED2A81F64C00190338 /* CloseUITests.swift in Sources */,
				B2B713EF2A81F64C00190338 /* CloseUITestsLaunchTests.swift in Sources */,
			);
			runOnlyForDeploymentPostprocessing = 0;
		};
/* End PBXSourcesBuildPhase section */

/* Begin PBXTargetDependency section */
		B2B713E02A81F64C00190338 /* PBXTargetDependency */ = {
			isa = PBXTargetDependency;
			target = B2B713C72A81F64B00190338 /* Close */;
			targetProxy = B2B713DF2A81F64C00190338 /* PBXContainerItemProxy */;
		};
		B2B713EA2A81F64C00190338 /* PBXTargetDependency */ = {
			isa = PBXTargetDependency;
			target = B2B713C72A81F64B00190338 /* Close */;
			targetProxy = B2B713E92A81F64C00190338 /* PBXContainerItemProxy */;
		};
/* End PBXTargetDependency section */

/* Begin PBXVariantGroup section */
		B2B713D12A81F64B00190338 /* Main.storyboard */ = {
			isa = PBXVariantGroup;
			children = (
				B2B713D22A81F64B00190338 /* Base */,
			);
			name = Main.storyboard;
			sourceTree = "<group>";
		};
		B2B713D62A81F64C00190338 /* LaunchScreen.storyboard */ = {
			isa = PBXVariantGroup;
			children = (
				B2B713D72A81F64C00190338 /* Base */,
			);
			name = LaunchScreen.storyboard;
			sourceTree = "<group>";
		};
/* End PBXVariantGroup section */

/* Begin XCBuildConfiguration section */
		B2B713F02A81F64C00190338 /* Debug */ = {
			isa = XCBuildConfiguration;
			buildSettings = {
				ALWAYS_SEARCH_USER_PATHS = NO;
				CLANG_ANALYZER_NONNULL = YES;
				CLANG_ANALYZER_NUMBER_OBJECT_CONVERSION = YES_AGGRESSIVE;
				CLANG_CXX_LANGUAGE_STANDARD = "gnu++20";
				CLANG_ENABLE_MODULES = YES;
				CLANG_ENABLE_OBJC_ARC = YES;
				CLANG_ENABLE_OBJC_WEAK = YES;
				CLANG_WARN_BLOCK_CAPTURE_AUTORELEASING = YES;
				CLANG_WARN_BOOL_CONVERSION = YES;
				CLANG_WARN_COMMA = YES;
				CLANG_WARN_CONSTANT_CONVERSION = YES;
				CLANG_WARN_DEPRECATED_OBJC_IMPLEMENTATIONS = YES;
				CLANG_WARN_DIRECT_OBJC_ISA_USAGE = YES_ERROR;
				CLANG_WARN_DOCUMENTATION_COMMENTS = YES;
				CLANG_WARN_EMPTY_BODY = YES;
				CLANG_WARN_ENUM_CONVERSION = YES;
				CLANG_WARN_INFINITE_RECURSION = YES;
				CLANG_WARN_INT_CONVERSION = YES;
				CLANG_WARN_NON_LITERAL_NULL_CONVERSION = YES;
				CLANG_WARN_OBJC_IMPLICIT_RETAIN_SELF = YES;
				CLANG_WARN_OBJC_LITERAL_CONVERSION = YES;
				CLANG_WARN_OBJC_ROOT_CLASS = YES_ERROR;
				CLANG_WARN_QUOTED_INCLUDE_IN_FRAMEWORK_HEADER = YES;
				CLANG_WARN_RANGE_LOOP_ANALYSIS = YES;
				CLANG_WARN_STRICT_PROTOTYPES = YES;
				CLANG_WARN_SUSPICIOUS_MOVE = YES;
				CLANG_WARN_UNGUARDED_AVAILABILITY = YES_AGGRESSIVE;
				CLANG_WARN_UNREACHABLE_CODE = YES;
				CLANG_WARN__DUPLICATE_METHOD_MATCH = YES;
				COPY_PHASE_STRIP = NO;
				DEBUG_INFORMATION_FORMAT = dwarf;
				ENABLE_STRICT_OBJC_MSGSEND = YES;
				ENABLE_TESTABILITY = YES;
				GCC_C_LANGUAGE_STANDARD = gnu11;
				GCC_DYNAMIC_NO_PIC = NO;
				GCC_NO_COMMON_BLOCKS = YES;
				GCC_OPTIMIZATION_LEVEL = 0;
				GCC_PREPROCESSOR_DEFINITIONS = (
					"DEBUG=1",
					"$(inherited)",
				);
				GCC_WARN_64_TO_32_BIT_CONVERSION = YES;
				GCC_WARN_ABOUT_RETURN_TYPE = YES_ERROR;
				GCC_WARN_UNDECLARED_SELECTOR = YES;
				GCC_WARN_UNINITIALIZED_AUTOS = YES_AGGRESSIVE;
				GCC_WARN_UNUSED_FUNCTION = YES;
				GCC_WARN_UNUSED_VARIABLE = YES;
				IPHONEOS_DEPLOYMENT_TARGET = 16.4;
				MTL_ENABLE_DEBUG_INFO = INCLUDE_SOURCE;
				MTL_FAST_MATH = YES;
				ONLY_ACTIVE_ARCH = YES;
				SDKROOT = iphoneos;
				SWIFT_ACTIVE_COMPILATION_CONDITIONS = DEBUG;
				SWIFT_OPTIMIZATION_LEVEL = "-Onone";
			};
			name = Debug;
		};
		B2B713F12A81F64C00190338 /* Release */ = {
			isa = XCBuildConfiguration;
			buildSettings = {
				ALWAYS_SEARCH_USER_PATHS = NO;
				CLANG_ANALYZER_NONNULL = YES;
				CLANG_ANALYZER_NUMBER_OBJECT_CONVERSION = YES_AGGRESSIVE;
				CLANG_CXX_LANGUAGE_STANDARD = "gnu++20";
				CLANG_ENABLE_MODULES = YES;
				CLANG_ENABLE_OBJC_ARC = YES;
				CLANG_ENABLE_OBJC_WEAK = YES;
				CLANG_WARN_BLOCK_CAPTURE_AUTORELEASING = YES;
				CLANG_WARN_BOOL_CONVERSION = YES;
				CLANG_WARN_COMMA = YES;
				CLANG_WARN_CONSTANT_CONVERSION = YES;
				CLANG_WARN_DEPRECATED_OBJC_IMPLEMENTATIONS = YES;
				CLANG_WARN_DIRECT_OBJC_ISA_USAGE = YES_ERROR;
				CLANG_WARN_DOCUMENTATION_COMMENTS = YES;
				CLANG_WARN_EMPTY_BODY = YES;
				CLANG_WARN_ENUM_CONVERSION = YES;
				CLANG_WARN_INFINITE_RECURSION = YES;
				CLANG_WARN_INT_CONVERSION = YES;
				CLANG_WARN_NON_LITERAL_NULL_CONVERSION = YES;
				CLANG_WARN_OBJC_IMPLICIT_RETAIN_SELF = YES;
				CLANG_WARN_OBJC_LITERAL_CONVERSION = YES;
				CLANG_WARN_OBJC_ROOT_CLASS = YES_ERROR;
				CLANG_WARN_QUOTED_INCLUDE_IN_FRAMEWORK_HEADER = YES;
				CLANG_WARN_RANGE_LOOP_ANALYSIS = YES;
				CLANG_WARN_STRICT_PROTOTYPES = YES;
				CLANG_WARN_SUSPICIOUS_MOVE = YES;
				CLANG_WARN_UNGUARDED_AVAILABILITY = YES_AGGRESSIVE;
				CLANG_WARN_UNREACHABLE_CODE = YES;
				CLANG_WARN__DUPLICATE_METHOD_MATCH = YES;
				COPY_PHASE_STRIP = NO;
				DEBUG_INFORMATION_FORMAT = "dwarf-with-dsym";
				ENABLE_NS_ASSERTIONS = NO;
				ENABLE_STRICT_OBJC_MSGSEND = YES;
				GCC_C_LANGUAGE_STANDARD = gnu11;
				GCC_NO_COMMON_BLOCKS = YES;
				GCC_WARN_64_TO_32_BIT_CONVERSION = YES;
				GCC_WARN_ABOUT_RETURN_TYPE = YES_ERROR;
				GCC_WARN_UNDECLARED_SELECTOR = YES;
				GCC_WARN_UNINITIALIZED_AUTOS = YES_AGGRESSIVE;
				GCC_WARN_UNUSED_FUNCTION = YES;
				GCC_WARN_UNUSED_VARIABLE = YES;
				IPHONEOS_DEPLOYMENT_TARGET = 16.4;
				MTL_ENABLE_DEBUG_INFO = NO;
				MTL_FAST_MATH = YES;
				SDKROOT = iphoneos;
				SWIFT_COMPILATION_MODE = wholemodule;
				SWIFT_OPTIMIZATION_LEVEL = "-O";
				VALIDATE_PRODUCT = YES;
			};
			name = Release;
		};
		B2B713F32A81F64C00190338 /* Debug */ = {
			isa = XCBuildConfiguration;
			buildSettings = {
				ASSETCATALOG_COMPILER_APPICON_NAME = AppIcon;
				ASSETCATALOG_COMPILER_GLOBAL_ACCENT_COLOR_NAME = AccentColor;
				CODE_SIGN_STYLE = Automatic;
				CURRENT_PROJECT_VERSION = 1;
				GENERATE_INFOPLIST_FILE = YES;
				INFOPLIST_FILE = Close/Info.plist;
				INFOPLIST_KEY_UIApplicationSupportsIndirectInputEvents = YES;
				INFOPLIST_KEY_UILaunchStoryboardName = LaunchScreen;
				INFOPLIST_KEY_UIMainStoryboardFile = Main;
				INFOPLIST_KEY_UISupportedInterfaceOrientations = UIInterfaceOrientationPortrait;
				INFOPLIST_KEY_UISupportedInterfaceOrientations_iPad = "UIInterfaceOrientationPortrait UIInterfaceOrientationPortraitUpsideDown";
				LD_RUNPATH_SEARCH_PATHS = (
					"$(inherited)",
					"@executable_path/Frameworks",
				);
				MARKETING_VERSION = 1.0;
				PRODUCT_BUNDLE_IDENTIFIER = com.Close;
				PRODUCT_NAME = "$(TARGET_NAME)";
				SUPPORTED_PLATFORMS = "iphoneos iphonesimulator";
				SUPPORTS_MACCATALYST = NO;
				SUPPORTS_MAC_DESIGNED_FOR_IPHONE_IPAD = NO;
				SWIFT_EMIT_LOC_STRINGS = YES;
				SWIFT_VERSION = 5.0;
				TARGETED_DEVICE_FAMILY = "1,2";
			};
			name = Debug;
		};
		B2B713F42A81F64C00190338 /* Release */ = {
			isa = XCBuildConfiguration;
			buildSettings = {
				ASSETCATALOG_COMPILER_APPICON_NAME = AppIcon;
				ASSETCATALOG_COMPILER_GLOBAL_ACCENT_COLOR_NAME = AccentColor;
				CODE_SIGN_STYLE = Automatic;
				CURRENT_PROJECT_VERSION = 1;
				GENERATE_INFOPLIST_FILE = YES;
				INFOPLIST_FILE = Close/Info.plist;
				INFOPLIST_KEY_UIApplicationSupportsIndirectInputEvents = YES;
				INFOPLIST_KEY_UILaunchStoryboardName = LaunchScreen;
				INFOPLIST_KEY_UIMainStoryboardFile = Main;
				INFOPLIST_KEY_UISupportedInterfaceOrientations = UIInterfaceOrientationPortrait;
				INFOPLIST_KEY_UISupportedInterfaceOrientations_iPad = "UIInterfaceOrientationPortrait UIInterfaceOrientationPortraitUpsideDown";
				LD_RUNPATH_SEARCH_PATHS = (
					"$(inherited)",
					"@executable_path/Frameworks",
				);
				MARKETING_VERSION = 1.0;
				PRODUCT_BUNDLE_IDENTIFIER = com.Close;
				PRODUCT_NAME = "$(TARGET_NAME)";
				SUPPORTED_PLATFORMS = "iphoneos iphonesimulator";
				SUPPORTS_MACCATALYST = NO;
				SUPPORTS_MAC_DESIGNED_FOR_IPHONE_IPAD = NO;
				SWIFT_EMIT_LOC_STRINGS = YES;
				SWIFT_VERSION = 5.0;
				TARGETED_DEVICE_FAMILY = "1,2";
			};
			name = Release;
		};
		B2B713F62A81F64C00190338 /* Debug */ = {
			isa = XCBuildConfiguration;
			buildSettings = {
				ALWAYS_EMBED_SWIFT_STANDARD_LIBRARIES = YES;
				BUNDLE_LOADER = "$(TEST_HOST)";
				CODE_SIGN_STYLE = Automatic;
				CURRENT_PROJECT_VERSION = 1;
				GENERATE_INFOPLIST_FILE = YES;
				IPHONEOS_DEPLOYMENT_TARGET = 16.4;
				MARKETING_VERSION = 1.0;
				PRODUCT_BUNDLE_IDENTIFIER = com.CloseTests;
				PRODUCT_NAME = "$(TARGET_NAME)";
				SWIFT_EMIT_LOC_STRINGS = NO;
				SWIFT_VERSION = 5.0;
				TARGETED_DEVICE_FAMILY = "1,2";
				TEST_HOST = "$(BUILT_PRODUCTS_DIR)/Close.app/$(BUNDLE_EXECUTABLE_FOLDER_PATH)/Close";
			};
			name = Debug;
		};
		B2B713F72A81F64C00190338 /* Release */ = {
			isa = XCBuildConfiguration;
			buildSettings = {
				ALWAYS_EMBED_SWIFT_STANDARD_LIBRARIES = YES;
				BUNDLE_LOADER = "$(TEST_HOST)";
				CODE_SIGN_STYLE = Automatic;
				CURRENT_PROJECT_VERSION = 1;
				GENERATE_INFOPLIST_FILE = YES;
				IPHONEOS_DEPLOYMENT_TARGET = 16.4;
				MARKETING_VERSION = 1.0;
				PRODUCT_BUNDLE_IDENTIFIER = com.CloseTests;
				PRODUCT_NAME = "$(TARGET_NAME)";
				SWIFT_EMIT_LOC_STRINGS = NO;
				SWIFT_VERSION = 5.0;
				TARGETED_DEVICE_FAMILY = "1,2";
				TEST_HOST = "$(BUILT_PRODUCTS_DIR)/Close.app/$(BUNDLE_EXECUTABLE_FOLDER_PATH)/Close";
			};
			name = Release;
		};
		B2B713F92A81F64C00190338 /* Debug */ = {
			isa = XCBuildConfiguration;
			buildSettings = {
				ALWAYS_EMBED_SWIFT_STANDARD_LIBRARIES = YES;
				CODE_SIGN_STYLE = Automatic;
				CURRENT_PROJECT_VERSION = 1;
				GENERATE_INFOPLIST_FILE = YES;
				MARKETING_VERSION = 1.0;
				PRODUCT_BUNDLE_IDENTIFIER = com.CloseUITests;
				PRODUCT_NAME = "$(TARGET_NAME)";
				SWIFT_EMIT_LOC_STRINGS = NO;
				SWIFT_VERSION = 5.0;
				TARGETED_DEVICE_FAMILY = "1,2";
				TEST_TARGET_NAME = Close;
			};
			name = Debug;
		};
		B2B713FA2A81F64C00190338 /* Release */ = {
			isa = XCBuildConfiguration;
			buildSettings = {
				ALWAYS_EMBED_SWIFT_STANDARD_LIBRARIES = YES;
				CODE_SIGN_STYLE = Automatic;
				CURRENT_PROJECT_VERSION = 1;
				GENERATE_INFOPLIST_FILE = YES;
				MARKETING_VERSION = 1.0;
				PRODUCT_BUNDLE_IDENTIFIER = com.CloseUITests;
				PRODUCT_NAME = "$(TARGET_NAME)";
				SWIFT_EMIT_LOC_STRINGS = NO;
				SWIFT_VERSION = 5.0;
				TARGETED_DEVICE_FAMILY = "1,2";
				TEST_TARGET_NAME = Close;
			};
			name = Release;
		};
/* End XCBuildConfiguration section */

/* Begin XCConfigurationList section */
		B2B713C32A81F64B00190338 /* Build configuration list for PBXProject "Close" */ = {
			isa = XCConfigurationList;
			buildConfigurations = (
				B2B713F02A81F64C00190338 /* Debug */,
				B2B713F12A81F64C00190338 /* Release */,
			);
			defaultConfigurationIsVisible = 0;
			defaultConfigurationName = Release;
		};
		B2B713F22A81F64C00190338 /* Build configuration list for PBXNativeTarget "Close" */ = {
			isa = XCConfigurationList;
			buildConfigurations = (
				B2B713F32A81F64C00190338 /* Debug */,
				B2B713F42A81F64C00190338 /* Release */,
			);
			defaultConfigurationIsVisible = 0;
			defaultConfigurationName = Release;
		};
		B2B713F52A81F64C00190338 /* Build configuration list for PBXNativeTarget "CloseTests" */ = {
			isa = XCConfigurationList;
			buildConfigurations = (
				B2B713F62A81F64C00190338 /* Debug */,
				B2B713F72A81F64C00190338 /* Release */,
			);
			defaultConfigurationIsVisible = 0;
			defaultConfigurationName = Release;
		};
		B2B713F82A81F64C00190338 /* Build configuration list for PBXNativeTarget "CloseUITests" */ = {
			isa = XCConfigurationList;
			buildConfigurations = (
				B2B713F92A81F64C00190338 /* Debug */,
				B2B713FA2A81F64C00190338 /* Release */,
			);
			defaultConfigurationIsVisible = 0;
			defaultConfigurationName = Release;
		};
/* End XCConfigurationList section */

/* Begin XCRemoteSwiftPackageReference section */
		B2B713FD2A81F77500190338 /* XCRemoteSwiftPackageReference "firebase-ios-sdk" */ = {
			isa = XCRemoteSwiftPackageReference;
			repositoryURL = "https://github.com/firebase/firebase-ios-sdk";
			requirement = {
				kind = upToNextMajorVersion;
				minimumVersion = 10.0.0;
			};
		};
/* End XCRemoteSwiftPackageReference section */

/* Begin XCSwiftPackageProductDependency section */
		B2B713FE2A81F77500190338 /* FirebaseAuth */ = {
			isa = XCSwiftPackageProductDependency;
			package = B2B713FD2A81F77500190338 /* XCRemoteSwiftPackageReference "firebase-ios-sdk" */;
			productName = FirebaseAuth;
		};
		B2B714232A84730F00190338 /* FirebaseFirestore */ = {
			isa = XCSwiftPackageProductDependency;
			package = B2B713FD2A81F77500190338 /* XCRemoteSwiftPackageReference "firebase-ios-sdk" */;
			productName = FirebaseFirestore;
		};
		B2B714252A84731C00190338 /* FirebaseFirestoreSwift */ = {
			isa = XCSwiftPackageProductDependency;
			package = B2B713FD2A81F77500190338 /* XCRemoteSwiftPackageReference "firebase-ios-sdk" */;
			productName = FirebaseFirestoreSwift;
		};
		B2B714272A84732B00190338 /* FirebaseStorage */ = {
			isa = XCSwiftPackageProductDependency;
			package = B2B713FD2A81F77500190338 /* XCRemoteSwiftPackageReference "firebase-ios-sdk" */;
			productName = FirebaseStorage;
		};
/* End XCSwiftPackageProductDependency section */
	};
	rootObject = B2B713C02A81F64B00190338 /* Project object */;
}
